lockfileVersion: '9.0'

settings:
  autoInstallPeers: true
  excludeLinksFromLockfile: false

importers:

  .: {}

  packages/bundle-icomposer-workbench:
    dependencies:
      '@icomposer/plugin-workbench-test':
        specifier: file:../plugin-workbench-test
        version: link:../plugin-workbench-test

  packages/plugin-workbench-test:
    devDependencies:
      typescript:
        specifier: ^6.0.3
        version: 6.0.3

  packages/workbench-contracts:
    dependencies:
      zod:
        specifier: ^3.25.76
        version: 3.25.76
    devDependencies:
      typescript:
        specifier: ^6.0.3
        version: 6.0.3

packages:

  typescript@6.0.3:
    resolution: {integrity: sha512-y2TvuxSZPDyQakkFRPZHKFm+KKVqIisdg9/CZwm9ftvKXLP8NRWj38/ODjNbr43SsoXqNuAisEf1GdCxqWcdBw==}
    engines: {node: '>=14.17'}
    hasBin: true

  zod@3.25.76:
    resolution: {integrity: sha512-gzUt/qt81nXsFGKIFcC3YnfEAx5NkunCfnDlvuBSSFS02bcXu4Lmea0AFIUwbLWxWPx3d9p8S5QoaujKcNQxcQ==}

snapshots:

  typescript@6.0.3: {}

  zod@3.25.76: {}
